
Microsoft Visual Studio Solution File, Format Version 12.00
# Visual Studio Version 16
VisualStudioVersion = 16.0.31729.503
MinimumVisualStudioVersion = 10.0.40219.1
Project("{FAE04EC0-301F-11D3-BF4B-00C04F79EFBC}") = "ConsoleApp12", "ConsoleApp12\ConsoleApp12.csproj", "{20AFCC10-4BA4-4864-A358-DEDDEF503F82}"
EndProject
Global
	GlobalSection(SolutionConfigurationPlatforms) = preSolution
		Debug|Any CPU = Debug|Any CPU
		Release|Any CPU = Release|Any CPU
	EndGlobalSection
	GlobalSection(ProjectConfigurationPlatforms) = postSolution
		{20AFCC10-4BA4-4864-A358-DEDDEF503F82}.Debug|Any CPU.ActiveCfg = Debug|Any CPU
		{20AFCC10-4BA4-4864-A358-DEDDEF503F82}.Debug|Any CPU.Build.0 = Debug|Any CPU
		{20AFCC10-4BA4-4864-A358-DEDDEF503F82}.Release|Any CPU.ActiveCfg = Release|Any CPU
		{20AFCC10-4BA4-4864-A358-DEDDEF503F82}.Release|Any CPU.Build.0 = Release|Any CPU
	EndGlobalSection
	GlobalSection(SolutionProperties) = preSolution
		HideSolutionNode = FALSE
	EndGlobalSection
	GlobalSection(ExtensibilityGlobals) = postSolution
		SolutionGuid = {F6748361-974A-4DC2-8FA8-05837C5A314B}
	EndGlobalSection
EndGlobal
